
Microsoft Visual Studio Solution File, Format Version 12.00
# Visual Studio 15
VisualStudioVersion = 15.0.28010.2048
MinimumVisualStudioVersion = 10.0.40219.1
Project("{FAE04EC0-301F-11D3-BF4B-00C04F79EFBC}") = "BMCLV3", "BMCLV2\BMCLV3.csproj", "{4FC50E09-DB4F-43D5-8C13-FB52F008DD57}"
EndProject
Project("{FAE04EC0-301F-11D3-BF4B-00C04F79EFBC}") = "yggdrasil", "yggdrasil\yggdrasil.csproj", "{7FD4E841-3F18-4107-976C-3695B2DCEA0E}"
EndProject
Project("{FAE04EC0-301F-11D3-BF4B-00C04F79EFBC}") = "BmclNG", "BmclNG\BmclNG.csproj", "{82CDA6C0-1562-4A49-86DC-01EA3BC61760}"
EndProject
Project("{2150E333-8FDC-42A3-9474-1A3956D46DE8}") = "Solution Configuration", "Solution Configuration", "{F1097E98-4DEB-4A0A-81EE-5CEC667EBDF0}"
	ProjectSection(SolutionItems) = preProject
		SharpZipLib\.editorconfig = SharpZipLib\.editorconfig
		SharpZipLib\.gitattributes = SharpZipLib\.gitattributes
		SharpZipLib\.gitignore = SharpZipLib\.gitignore
	EndProjectSection
EndProject
Global
	GlobalSection(SolutionConfigurationPlatforms) = preSolution
		Debug|Any CPU = Debug|Any CPU
		DebugDebug|Any CPU = DebugDebug|Any CPU
		Release|Any CPU = Release|Any CPU
	EndGlobalSection
	GlobalSection(ProjectConfigurationPlatforms) = postSolution
		{4FC50E09-DB4F-43D5-8C13-FB52F008DD57}.Debug|Any CPU.ActiveCfg = Debug|Any CPU
		{4FC50E09-DB4F-43D5-8C13-FB52F008DD57}.Debug|Any CPU.Build.0 = Debug|Any CPU
		{4FC50E09-DB4F-43D5-8C13-FB52F008DD57}.DebugDebug|Any CPU.ActiveCfg = DebugDebug|Any CPU
		{4FC50E09-DB4F-43D5-8C13-FB52F008DD57}.DebugDebug|Any CPU.Build.0 = DebugDebug|Any CPU
		{4FC50E09-DB4F-43D5-8C13-FB52F008DD57}.Release|Any CPU.ActiveCfg = Release|Any CPU
		{4FC50E09-DB4F-43D5-8C13-FB52F008DD57}.Release|Any CPU.Build.0 = Release|Any CPU
		{7FD4E841-3F18-4107-976C-3695B2DCEA0E}.Debug|Any CPU.ActiveCfg = Debug|Any CPU
		{7FD4E841-3F18-4107-976C-3695B2DCEA0E}.Debug|Any CPU.Build.0 = Debug|Any CPU
		{7FD4E841-3F18-4107-976C-3695B2DCEA0E}.DebugDebug|Any CPU.ActiveCfg = Debug|Any CPU
		{7FD4E841-3F18-4107-976C-3695B2DCEA0E}.DebugDebug|Any CPU.Build.0 = Debug|Any CPU
		{7FD4E841-3F18-4107-976C-3695B2DCEA0E}.Release|Any CPU.ActiveCfg = Release|Any CPU
		{7FD4E841-3F18-4107-976C-3695B2DCEA0E}.Release|Any CPU.Build.0 = Release|Any CPU
		{82CDA6C0-1562-4A49-86DC-01EA3BC61760}.Debug|Any CPU.ActiveCfg = Debug|Any CPU
		{82CDA6C0-1562-4A49-86DC-01EA3BC61760}.Debug|Any CPU.Build.0 = Debug|Any CPU
		{82CDA6C0-1562-4A49-86DC-01EA3BC61760}.DebugDebug|Any CPU.ActiveCfg = Debug|Any CPU
		{82CDA6C0-1562-4A49-86DC-01EA3BC61760}.DebugDebug|Any CPU.Build.0 = Debug|Any CPU
		{82CDA6C0-1562-4A49-86DC-01EA3BC61760}.Release|Any CPU.ActiveCfg = Release|Any CPU
		{82CDA6C0-1562-4A49-86DC-01EA3BC61760}.Release|Any CPU.Build.0 = Release|Any CPU
	EndGlobalSection
	GlobalSection(SolutionProperties) = preSolution
		HideSolutionNode = FALSE
	EndGlobalSection
	GlobalSection(ExtensibilityGlobals) = postSolution
		SolutionGuid = {F544BB8B-9F6E-4DC5-A98F-DDFB058C82CF}
	EndGlobalSection
EndGlobal
