
Microsoft Visual Studio Solution File, Format Version 12.00
# Visual Studio 14
VisualStudioVersion = 14.0.23107.0
MinimumVisualStudioVersion = 10.0.40219.1
Project("{FAE04EC0-301F-11D3-BF4B-00C04F79EFBC}") = "BMCLV3", "BMCLV2\BMCLV3.csproj", "{4FC50E09-DB4F-43D5-8C13-FB52F008DD57}"
EndProject
Project("{FAE04EC0-301F-11D3-BF4B-00C04F79EFBC}") = "Genuine", "Genuine\Genuine.csproj", "{808FF6D2-C1E1-4F40-A120-EE5D8125D5AF}"
EndProject
Project("{F184B08F-C81C-45F6-A57F-5ABD9991F28F}") = "L", "L\L.vbproj", "{7760A1B4-3ABC-4111-88DE-698B4E4C295B}"
EndProject
Project("{FAE04EC0-301F-11D3-BF4B-00C04F79EFBC}") = "yggdrasil", "yggdrasil\yggdrasil.csproj", "{7FD4E841-3F18-4107-976C-3695B2DCEA0E}"
EndProject
Global
	GlobalSection(SolutionConfigurationPlatforms) = preSolution
		Debug|Any CPU = Debug|Any CPU
		DebugDebug|Any CPU = DebugDebug|Any CPU
		Release|Any CPU = Release|Any CPU
	EndGlobalSection
	GlobalSection(ProjectConfigurationPlatforms) = postSolution
		{4FC50E09-DB4F-43D5-8C13-FB52F008DD57}.Debug|Any CPU.ActiveCfg = Debug|Any CPU
		{4FC50E09-DB4F-43D5-8C13-FB52F008DD57}.Debug|Any CPU.Build.0 = Debug|Any CPU
		{4FC50E09-DB4F-43D5-8C13-FB52F008DD57}.DebugDebug|Any CPU.ActiveCfg = DebugDebug|Any CPU
		{4FC50E09-DB4F-43D5-8C13-FB52F008DD57}.DebugDebug|Any CPU.Build.0 = DebugDebug|Any CPU
		{4FC50E09-DB4F-43D5-8C13-FB52F008DD57}.Release|Any CPU.ActiveCfg = Release|Any CPU
		{4FC50E09-DB4F-43D5-8C13-FB52F008DD57}.Release|Any CPU.Build.0 = Release|Any CPU
		{808FF6D2-C1E1-4F40-A120-EE5D8125D5AF}.Debug|Any CPU.ActiveCfg = Debug|Any CPU
		{808FF6D2-C1E1-4F40-A120-EE5D8125D5AF}.Debug|Any CPU.Build.0 = Debug|Any CPU
		{808FF6D2-C1E1-4F40-A120-EE5D8125D5AF}.DebugDebug|Any CPU.ActiveCfg = DebugDebug|Any CPU
		{808FF6D2-C1E1-4F40-A120-EE5D8125D5AF}.DebugDebug|Any CPU.Build.0 = DebugDebug|Any CPU
		{808FF6D2-C1E1-4F40-A120-EE5D8125D5AF}.Release|Any CPU.ActiveCfg = Release|Any CPU
		{808FF6D2-C1E1-4F40-A120-EE5D8125D5AF}.Release|Any CPU.Build.0 = Release|Any CPU
		{7760A1B4-3ABC-4111-88DE-698B4E4C295B}.Debug|Any CPU.ActiveCfg = Debug|Any CPU
		{7760A1B4-3ABC-4111-88DE-698B4E4C295B}.Debug|Any CPU.Build.0 = Debug|Any CPU
		{7760A1B4-3ABC-4111-88DE-698B4E4C295B}.DebugDebug|Any CPU.ActiveCfg = DebugDebug|Any CPU
		{7760A1B4-3ABC-4111-88DE-698B4E4C295B}.DebugDebug|Any CPU.Build.0 = DebugDebug|Any CPU
		{7760A1B4-3ABC-4111-88DE-698B4E4C295B}.Release|Any CPU.ActiveCfg = Release|Any CPU
		{7760A1B4-3ABC-4111-88DE-698B4E4C295B}.Release|Any CPU.Build.0 = Release|Any CPU
		{7FD4E841-3F18-4107-976C-3695B2DCEA0E}.Debug|Any CPU.ActiveCfg = Debug|Any CPU
		{7FD4E841-3F18-4107-976C-3695B2DCEA0E}.Debug|Any CPU.Build.0 = Debug|Any CPU
		{7FD4E841-3F18-4107-976C-3695B2DCEA0E}.DebugDebug|Any CPU.ActiveCfg = Debug|Any CPU
		{7FD4E841-3F18-4107-976C-3695B2DCEA0E}.DebugDebug|Any CPU.Build.0 = Debug|Any CPU
		{7FD4E841-3F18-4107-976C-3695B2DCEA0E}.Release|Any CPU.ActiveCfg = Release|Any CPU
		{7FD4E841-3F18-4107-976C-3695B2DCEA0E}.Release|Any CPU.Build.0 = Release|Any CPU
	EndGlobalSection
	GlobalSection(SolutionProperties) = preSolution
		HideSolutionNode = FALSE
	EndGlobalSection
EndGlobal
